
Microsoft Visual Studio Solution File, Format Version 12.00
# Visual Studio 14
VisualStudioVersion = 14.0.25420.1
MinimumVisualStudioVersion = 10.0.40219.1
Project("{FAE04EC0-301F-11D3-BF4B-00C04F79EFBC}") = "Android", "Android\Android.csproj", "{D7E142F8-7BDF-4AB3-8A0B-CB0F585CAFE0}"
EndProject
Project("{D954291E-2A0B-460D-934E-DC6B0785DB48}") = "Core", "Core\Core.shproj", "{482C4F52-D450-4468-A1F3-D50B96A58D26}"
EndProject
Project("{D954291E-2A0B-460D-934E-DC6B0785DB48}") = "Extended", "Extended\Extended.shproj", "{41264171-A1A1-4B71-903E-79BF93330BC9}"
EndProject
Project("{FAE04EC0-301F-11D3-BF4B-00C04F79EFBC}") = "ToolKit", "ToolKit\ToolKit.csproj", "{2DE1EF79-27A4-4243-BE4B-EB47C5D04824}"
EndProject
Project("{FAE04EC0-301F-11D3-BF4B-00C04F79EFBC}") = "Test", "Test\Test.csproj", "{C40C4CA5-C917-4B5A-AECB-149395048EE0}"
EndProject
Global
	GlobalSection(SharedMSBuildProjectFiles) = preSolution
		Core\Core.projitems*{2de1ef79-27a4-4243-be4b-eb47c5d04824}*SharedItemsImports = 4
		Extended\Extended.projitems*{41264171-a1a1-4b71-903e-79bf93330bc9}*SharedItemsImports = 13
		Core\Core.projitems*{482c4f52-d450-4468-a1f3-d50b96a58d26}*SharedItemsImports = 13
		Core\Core.projitems*{d7e142f8-7bdf-4ab3-8a0b-cb0f585cafe0}*SharedItemsImports = 4
		Extended\Extended.projitems*{d7e142f8-7bdf-4ab3-8a0b-cb0f585cafe0}*SharedItemsImports = 4
	EndGlobalSection
	GlobalSection(SolutionConfigurationPlatforms) = preSolution
		AppStore|Any CPU = AppStore|Any CPU
		AppStore|ARM = AppStore|ARM
		AppStore|iPhone = AppStore|iPhone
		AppStore|iPhoneSimulator = AppStore|iPhoneSimulator
		AppStore|x86 = AppStore|x86
		Debug|Any CPU = Debug|Any CPU
		Debug|ARM = Debug|ARM
		Debug|iPhone = Debug|iPhone
		Debug|iPhoneSimulator = Debug|iPhoneSimulator
		Debug|x86 = Debug|x86
		Release|Any CPU = Release|Any CPU
		Release|ARM = Release|ARM
		Release|iPhone = Release|iPhone
		Release|iPhoneSimulator = Release|iPhoneSimulator
		Release|x86 = Release|x86
	EndGlobalSection
	GlobalSection(ProjectConfigurationPlatforms) = postSolution
		{D7E142F8-7BDF-4AB3-8A0B-CB0F585CAFE0}.AppStore|Any CPU.ActiveCfg = Release|Any CPU
		{D7E142F8-7BDF-4AB3-8A0B-CB0F585CAFE0}.AppStore|Any CPU.Build.0 = Release|Any CPU
		{D7E142F8-7BDF-4AB3-8A0B-CB0F585CAFE0}.AppStore|Any CPU.Deploy.0 = Release|Any CPU
		{D7E142F8-7BDF-4AB3-8A0B-CB0F585CAFE0}.AppStore|ARM.ActiveCfg = Release|Any CPU
		{D7E142F8-7BDF-4AB3-8A0B-CB0F585CAFE0}.AppStore|ARM.Build.0 = Release|Any CPU
		{D7E142F8-7BDF-4AB3-8A0B-CB0F585CAFE0}.AppStore|ARM.Deploy.0 = Release|Any CPU
		{D7E142F8-7BDF-4AB3-8A0B-CB0F585CAFE0}.AppStore|iPhone.ActiveCfg = Release|Any CPU
		{D7E142F8-7BDF-4AB3-8A0B-CB0F585CAFE0}.AppStore|iPhone.Build.0 = Release|Any CPU
		{D7E142F8-7BDF-4AB3-8A0B-CB0F585CAFE0}.AppStore|iPhone.Deploy.0 = Release|Any CPU
		{D7E142F8-7BDF-4AB3-8A0B-CB0F585CAFE0}.AppStore|iPhoneSimulator.ActiveCfg = Release|Any CPU
		{D7E142F8-7BDF-4AB3-8A0B-CB0F585CAFE0}.AppStore|iPhoneSimulator.Build.0 = Release|Any CPU
		{D7E142F8-7BDF-4AB3-8A0B-CB0F585CAFE0}.AppStore|iPhoneSimulator.Deploy.0 = Release|Any CPU
		{D7E142F8-7BDF-4AB3-8A0B-CB0F585CAFE0}.AppStore|x86.ActiveCfg = Release|x86
		{D7E142F8-7BDF-4AB3-8A0B-CB0F585CAFE0}.AppStore|x86.Build.0 = Release|x86
		{D7E142F8-7BDF-4AB3-8A0B-CB0F585CAFE0}.AppStore|x86.Deploy.0 = Release|x86
		{D7E142F8-7BDF-4AB3-8A0B-CB0F585CAFE0}.Debug|Any CPU.ActiveCfg = Debug|Any CPU
		{D7E142F8-7BDF-4AB3-8A0B-CB0F585CAFE0}.Debug|Any CPU.Build.0 = Debug|Any CPU
		{D7E142F8-7BDF-4AB3-8A0B-CB0F585CAFE0}.Debug|ARM.ActiveCfg = Debug|Any CPU
		{D7E142F8-7BDF-4AB3-8A0B-CB0F585CAFE0}.Debug|ARM.Build.0 = Debug|Any CPU
		{D7E142F8-7BDF-4AB3-8A0B-CB0F585CAFE0}.Debug|ARM.Deploy.0 = Debug|Any CPU
		{D7E142F8-7BDF-4AB3-8A0B-CB0F585CAFE0}.Debug|iPhone.ActiveCfg = Debug|Any CPU
		{D7E142F8-7BDF-4AB3-8A0B-CB0F585CAFE0}.Debug|iPhone.Build.0 = Debug|Any CPU
		{D7E142F8-7BDF-4AB3-8A0B-CB0F585CAFE0}.Debug|iPhone.Deploy.0 = Debug|Any CPU
		{D7E142F8-7BDF-4AB3-8A0B-CB0F585CAFE0}.Debug|iPhoneSimulator.ActiveCfg = Debug|Any CPU
		{D7E142F8-7BDF-4AB3-8A0B-CB0F585CAFE0}.Debug|iPhoneSimulator.Build.0 = Debug|Any CPU
		{D7E142F8-7BDF-4AB3-8A0B-CB0F585CAFE0}.Debug|iPhoneSimulator.Deploy.0 = Debug|Any CPU
		{D7E142F8-7BDF-4AB3-8A0B-CB0F585CAFE0}.Debug|x86.ActiveCfg = Debug|x86
		{D7E142F8-7BDF-4AB3-8A0B-CB0F585CAFE0}.Debug|x86.Build.0 = Debug|x86
		{D7E142F8-7BDF-4AB3-8A0B-CB0F585CAFE0}.Debug|x86.Deploy.0 = Debug|x86
		{D7E142F8-7BDF-4AB3-8A0B-CB0F585CAFE0}.Release|Any CPU.ActiveCfg = Release|Any CPU
		{D7E142F8-7BDF-4AB3-8A0B-CB0F585CAFE0}.Release|Any CPU.Build.0 = Release|Any CPU
		{D7E142F8-7BDF-4AB3-8A0B-CB0F585CAFE0}.Release|ARM.ActiveCfg = Release|Any CPU
		{D7E142F8-7BDF-4AB3-8A0B-CB0F585CAFE0}.Release|ARM.Build.0 = Release|Any CPU
		{D7E142F8-7BDF-4AB3-8A0B-CB0F585CAFE0}.Release|ARM.Deploy.0 = Release|Any CPU
		{D7E142F8-7BDF-4AB3-8A0B-CB0F585CAFE0}.Release|iPhone.ActiveCfg = Release|Any CPU
		{D7E142F8-7BDF-4AB3-8A0B-CB0F585CAFE0}.Release|iPhone.Build.0 = Release|Any CPU
		{D7E142F8-7BDF-4AB3-8A0B-CB0F585CAFE0}.Release|iPhone.Deploy.0 = Release|Any CPU
		{D7E142F8-7BDF-4AB3-8A0B-CB0F585CAFE0}.Release|iPhoneSimulator.ActiveCfg = Release|Any CPU
		{D7E142F8-7BDF-4AB3-8A0B-CB0F585CAFE0}.Release|iPhoneSimulator.Build.0 = Release|Any CPU
		{D7E142F8-7BDF-4AB3-8A0B-CB0F585CAFE0}.Release|iPhoneSimulator.Deploy.0 = Release|Any CPU
		{D7E142F8-7BDF-4AB3-8A0B-CB0F585CAFE0}.Release|x86.ActiveCfg = Release|Any CPU
		{D7E142F8-7BDF-4AB3-8A0B-CB0F585CAFE0}.Release|x86.Build.0 = Release|Any CPU
		{D7E142F8-7BDF-4AB3-8A0B-CB0F585CAFE0}.Release|x86.Deploy.0 = Release|Any CPU
		{2DE1EF79-27A4-4243-BE4B-EB47C5D04824}.AppStore|Any CPU.ActiveCfg = Release|Any CPU
		{2DE1EF79-27A4-4243-BE4B-EB47C5D04824}.AppStore|Any CPU.Build.0 = Release|Any CPU
		{2DE1EF79-27A4-4243-BE4B-EB47C5D04824}.AppStore|ARM.ActiveCfg = Release|Any CPU
		{2DE1EF79-27A4-4243-BE4B-EB47C5D04824}.AppStore|ARM.Build.0 = Release|Any CPU
		{2DE1EF79-27A4-4243-BE4B-EB47C5D04824}.AppStore|iPhone.ActiveCfg = Release|Any CPU
		{2DE1EF79-27A4-4243-BE4B-EB47C5D04824}.AppStore|iPhone.Build.0 = Release|Any CPU
		{2DE1EF79-27A4-4243-BE4B-EB47C5D04824}.AppStore|iPhoneSimulator.ActiveCfg = Release|Any CPU
		{2DE1EF79-27A4-4243-BE4B-EB47C5D04824}.AppStore|iPhoneSimulator.Build.0 = Release|Any CPU
		{2DE1EF79-27A4-4243-BE4B-EB47C5D04824}.AppStore|x86.ActiveCfg = Release|Any CPU
		{2DE1EF79-27A4-4243-BE4B-EB47C5D04824}.AppStore|x86.Build.0 = Release|Any CPU
		{2DE1EF79-27A4-4243-BE4B-EB47C5D04824}.Debug|Any CPU.ActiveCfg = Debug|Any CPU
		{2DE1EF79-27A4-4243-BE4B-EB47C5D04824}.Debug|Any CPU.Build.0 = Debug|Any CPU
		{2DE1EF79-27A4-4243-BE4B-EB47C5D04824}.Debug|ARM.ActiveCfg = Debug|Any CPU
		{2DE1EF79-27A4-4243-BE4B-EB47C5D04824}.Debug|ARM.Build.0 = Debug|Any CPU
		{2DE1EF79-27A4-4243-BE4B-EB47C5D04824}.Debug|iPhone.ActiveCfg = Debug|Any CPU
		{2DE1EF79-27A4-4243-BE4B-EB47C5D04824}.Debug|iPhone.Build.0 = Debug|Any CPU
		{2DE1EF79-27A4-4243-BE4B-EB47C5D04824}.Debug|iPhoneSimulator.ActiveCfg = Debug|Any CPU
		{2DE1EF79-27A4-4243-BE4B-EB47C5D04824}.Debug|iPhoneSimulator.Build.0 = Debug|Any CPU
		{2DE1EF79-27A4-4243-BE4B-EB47C5D04824}.Debug|x86.ActiveCfg = Debug|Any CPU
		{2DE1EF79-27A4-4243-BE4B-EB47C5D04824}.Debug|x86.Build.0 = Debug|Any CPU
		{2DE1EF79-27A4-4243-BE4B-EB47C5D04824}.Release|Any CPU.ActiveCfg = Release|Any CPU
		{2DE1EF79-27A4-4243-BE4B-EB47C5D04824}.Release|Any CPU.Build.0 = Release|Any CPU
		{2DE1EF79-27A4-4243-BE4B-EB47C5D04824}.Release|ARM.ActiveCfg = Release|Any CPU
		{2DE1EF79-27A4-4243-BE4B-EB47C5D04824}.Release|ARM.Build.0 = Release|Any CPU
		{2DE1EF79-27A4-4243-BE4B-EB47C5D04824}.Release|iPhone.ActiveCfg = Release|Any CPU
		{2DE1EF79-27A4-4243-BE4B-EB47C5D04824}.Release|iPhone.Build.0 = Release|Any CPU
		{2DE1EF79-27A4-4243-BE4B-EB47C5D04824}.Release|iPhoneSimulator.ActiveCfg = Release|Any CPU
		{2DE1EF79-27A4-4243-BE4B-EB47C5D04824}.Release|iPhoneSimulator.Build.0 = Release|Any CPU
		{2DE1EF79-27A4-4243-BE4B-EB47C5D04824}.Release|x86.ActiveCfg = Release|Any CPU
		{2DE1EF79-27A4-4243-BE4B-EB47C5D04824}.Release|x86.Build.0 = Release|Any CPU
		{C40C4CA5-C917-4B5A-AECB-149395048EE0}.AppStore|Any CPU.ActiveCfg = Release|Any CPU
		{C40C4CA5-C917-4B5A-AECB-149395048EE0}.AppStore|Any CPU.Build.0 = Release|Any CPU
		{C40C4CA5-C917-4B5A-AECB-149395048EE0}.AppStore|ARM.ActiveCfg = Release|Any CPU
		{C40C4CA5-C917-4B5A-AECB-149395048EE0}.AppStore|ARM.Build.0 = Release|Any CPU
		{C40C4CA5-C917-4B5A-AECB-149395048EE0}.AppStore|iPhone.ActiveCfg = Release|Any CPU
		{C40C4CA5-C917-4B5A-AECB-149395048EE0}.AppStore|iPhone.Build.0 = Release|Any CPU
		{C40C4CA5-C917-4B5A-AECB-149395048EE0}.AppStore|iPhoneSimulator.ActiveCfg = Release|Any CPU
		{C40C4CA5-C917-4B5A-AECB-149395048EE0}.AppStore|iPhoneSimulator.Build.0 = Release|Any CPU
		{C40C4CA5-C917-4B5A-AECB-149395048EE0}.AppStore|x86.ActiveCfg = Release|Any CPU
		{C40C4CA5-C917-4B5A-AECB-149395048EE0}.AppStore|x86.Build.0 = Release|Any CPU
		{C40C4CA5-C917-4B5A-AECB-149395048EE0}.Debug|Any CPU.ActiveCfg = Debug|Any CPU
		{C40C4CA5-C917-4B5A-AECB-149395048EE0}.Debug|Any CPU.Build.0 = Debug|Any CPU
		{C40C4CA5-C917-4B5A-AECB-149395048EE0}.Debug|ARM.ActiveCfg = Debug|Any CPU
		{C40C4CA5-C917-4B5A-AECB-149395048EE0}.Debug|ARM.Build.0 = Debug|Any CPU
		{C40C4CA5-C917-4B5A-AECB-149395048EE0}.Debug|iPhone.ActiveCfg = Debug|Any CPU
		{C40C4CA5-C917-4B5A-AECB-149395048EE0}.Debug|iPhone.Build.0 = Debug|Any CPU
		{C40C4CA5-C917-4B5A-AECB-149395048EE0}.Debug|iPhoneSimulator.ActiveCfg = Debug|Any CPU
		{C40C4CA5-C917-4B5A-AECB-149395048EE0}.Debug|iPhoneSimulator.Build.0 = Debug|Any CPU
		{C40C4CA5-C917-4B5A-AECB-149395048EE0}.Debug|x86.ActiveCfg = Debug|Any CPU
		{C40C4CA5-C917-4B5A-AECB-149395048EE0}.Debug|x86.Build.0 = Debug|Any CPU
		{C40C4CA5-C917-4B5A-AECB-149395048EE0}.Release|Any CPU.ActiveCfg = Release|Any CPU
		{C40C4CA5-C917-4B5A-AECB-149395048EE0}.Release|Any CPU.Build.0 = Release|Any CPU
		{C40C4CA5-C917-4B5A-AECB-149395048EE0}.Release|ARM.ActiveCfg = Release|Any CPU
		{C40C4CA5-C917-4B5A-AECB-149395048EE0}.Release|ARM.Build.0 = Release|Any CPU
		{C40C4CA5-C917-4B5A-AECB-149395048EE0}.Release|iPhone.ActiveCfg = Release|Any CPU
		{C40C4CA5-C917-4B5A-AECB-149395048EE0}.Release|iPhone.Build.0 = Release|Any CPU
		{C40C4CA5-C917-4B5A-AECB-149395048EE0}.Release|iPhoneSimulator.ActiveCfg = Release|Any CPU
		{C40C4CA5-C917-4B5A-AECB-149395048EE0}.Release|iPhoneSimulator.Build.0 = Release|Any CPU
		{C40C4CA5-C917-4B5A-AECB-149395048EE0}.Release|x86.ActiveCfg = Release|Any CPU
		{C40C4CA5-C917-4B5A-AECB-149395048EE0}.Release|x86.Build.0 = Release|Any CPU
	EndGlobalSection
	GlobalSection(SolutionProperties) = preSolution
		HideSolutionNode = FALSE
	EndGlobalSection
EndGlobal
